// !$*UTF8*$!
{
	archiveVersion = 1;
	classes = {
	};
	objectVersion = 52;
	objects = {

/* Begin PBXBuildFile section */
		17144B4C261F2A5400D24DA8 /* OnboardingView.swift in Sources */ = {isa = PBXBuildFile; fileRef = 17144B4B261F2A5400D24DA8 /* OnboardingView.swift */; };
		17205573261D9366008BE4C7 /* RollbarKSCrash in Frameworks */ = {isa = PBXBuildFile; productRef = 17205572261D9366008BE4C7 /* RollbarKSCrash */; };
		17205575261D9366008BE4C7 /* RollbarSwift in Frameworks */ = {isa = PBXBuildFile; productRef = 17205574261D9366008BE4C7 /* RollbarSwift */; };
		17205577261D9366008BE4C7 /* RollbarCommon in Frameworks */ = {isa = PBXBuildFile; productRef = 17205576261D9366008BE4C7 /* RollbarCommon */; };
		17205579261D9366008BE4C7 /* RollbarNotifier in Frameworks */ = {isa = PBXBuildFile; productRef = 17205578261D9366008BE4C7 /* RollbarNotifier */; };
		1720557B261D9366008BE4C7 /* RollbarDeploys in Frameworks */ = {isa = PBXBuildFile; productRef = 1720557A261D9366008BE4C7 /* RollbarDeploys */; };
		1720557D261D9366008BE4C7 /* RollbarPLCrashReporter in Frameworks */ = {isa = PBXBuildFile; productRef = 1720557C261D9366008BE4C7 /* RollbarPLCrashReporter */; };
		177F1E3D261F56C000ABD0D5 /* Color+.swift in Sources */ = {isa = PBXBuildFile; fileRef = 177F1E2F261F2F3500ABD0D5 /* Color+.swift */; };
		17C8A1B826273BEB00EB81E6 /* ImageTiles.swift in Sources */ = {isa = PBXBuildFile; fileRef = 17C8A1B726273BEB00EB81E6 /* ImageTiles.swift */; };
		17C8A1C5262B712C00EB81E6 /* OnboardingModel.swift in Sources */ = {isa = PBXBuildFile; fileRef = 17C8A1C4262B712C00EB81E6 /* OnboardingModel.swift */; };
		17C8A1CF262B72B700EB81E6 /* OnboardingViewModel.swift in Sources */ = {isa = PBXBuildFile; fileRef = 17C8A1CE262B72B700EB81E6 /* OnboardingViewModel.swift */; };
		17FA2E52261B9E9300B4A6DB /* SwiftUIExampleApp.swift in Sources */ = {isa = PBXBuildFile; fileRef = 17FA2E51261B9E9300B4A6DB /* SwiftUIExampleApp.swift */; };
		17FA2E54261B9E9300B4A6DB /* ContentView.swift in Sources */ = {isa = PBXBuildFile; fileRef = 17FA2E53261B9E9300B4A6DB /* ContentView.swift */; };
		17FA2E56261B9E9600B4A6DB /* Assets.xcassets in Resources */ = {isa = PBXBuildFile; fileRef = 17FA2E55261B9E9600B4A6DB /* Assets.xcassets */; };
		17FA2E59261B9E9600B4A6DB /* Preview Assets.xcassets in Resources */ = {isa = PBXBuildFile; fileRef = 17FA2E58261B9E9600B4A6DB /* Preview Assets.xcassets */; };
		17FA2E64261B9E9600B4A6DB /* SwiftUIExampleTests.swift in Sources */ = {isa = PBXBuildFile; fileRef = 17FA2E63261B9E9600B4A6DB /* SwiftUIExampleTests.swift */; };
		17FA2E6F261B9E9600B4A6DB /* SwiftUIExampleUITests.swift in Sources */ = {isa = PBXBuildFile; fileRef = 17FA2E6E261B9E9600B4A6DB /* SwiftUIExampleUITests.swift */; };
/* End PBXBuildFile section */

/* Begin PBXContainerItemProxy section */
		17FA2E60261B9E9600B4A6DB /* PBXContainerItemProxy */ = {
			isa = PBXContainerItemProxy;
			containerPortal = 17FA2E46261B9E9300B4A6DB /* Project object */;
			proxyType = 1;
			remoteGlobalIDString = 17FA2E4D261B9E9300B4A6DB;
			remoteInfo = SwiftUIExample;
		};
		17FA2E6B261B9E9600B4A6DB /* PBXContainerItemProxy */ = {
			isa = PBXContainerItemProxy;
			containerPortal = 17FA2E46261B9E9300B4A6DB /* Project object */;
			proxyType = 1;
			remoteGlobalIDString = 17FA2E4D261B9E9300B4A6DB;
			remoteInfo = SwiftUIExample;
		};
/* End PBXContainerItemProxy section */

/* Begin PBXFileReference section */
		17144B4B261F2A5400D24DA8 /* OnboardingView.swift */ = {isa = PBXFileReference; lastKnownFileType = sourcecode.swift; path = OnboardingView.swift; sourceTree = "<group>"; };
		17205581261D9632008BE4C7 /* Config.xcconfig */ = {isa = PBXFileReference; lastKnownFileType = text.xcconfig; path = Config.xcconfig; sourceTree = "<group>"; };
		177F1E2F261F2F3500ABD0D5 /* Color+.swift */ = {isa = PBXFileReference; lastKnownFileType = sourcecode.swift; path = "Color+.swift"; sourceTree = "<group>"; };
		17C8A1B726273BEB00EB81E6 /* ImageTiles.swift */ = {isa = PBXFileReference; lastKnownFileType = sourcecode.swift; path = ImageTiles.swift; sourceTree = "<group>"; };
		17C8A1C4262B712C00EB81E6 /* OnboardingModel.swift */ = {isa = PBXFileReference; lastKnownFileType = sourcecode.swift; path = OnboardingModel.swift; sourceTree = "<group>"; };
		17C8A1CE262B72B700EB81E6 /* OnboardingViewModel.swift */ = {isa = PBXFileReference; lastKnownFileType = sourcecode.swift; path = OnboardingViewModel.swift; sourceTree = "<group>"; };
		17FA2E4E261B9E9300B4A6DB /* SwiftUIExample.app */ = {isa = PBXFileReference; explicitFileType = wrapper.application; includeInIndex = 0; path = SwiftUIExample.app; sourceTree = BUILT_PRODUCTS_DIR; };
		17FA2E51261B9E9300B4A6DB /* SwiftUIExampleApp.swift */ = {isa = PBXFileReference; lastKnownFileType = sourcecode.swift; path = SwiftUIExampleApp.swift; sourceTree = "<group>"; };
		17FA2E53261B9E9300B4A6DB /* ContentView.swift */ = {isa = PBXFileReference; lastKnownFileType = sourcecode.swift; path = ContentView.swift; sourceTree = "<group>"; };
		17FA2E55261B9E9600B4A6DB /* Assets.xcassets */ = {isa = PBXFileReference; lastKnownFileType = folder.assetcatalog; path = Assets.xcassets; sourceTree = "<group>"; };
		17FA2E58261B9E9600B4A6DB /* Preview Assets.xcassets */ = {isa = PBXFileReference; lastKnownFileType = folder.assetcatalog; path = "Preview Assets.xcassets"; sourceTree = "<group>"; };
		17FA2E5A261B9E9600B4A6DB /* Info.plist */ = {isa = PBXFileReference; lastKnownFileType = text.plist.xml; path = Info.plist; sourceTree = "<group>"; };
		17FA2E5F261B9E9600B4A6DB /* SwiftUIExampleTests.xctest */ = {isa = PBXFileReference; explicitFileType = wrapper.cfbundle; includeInIndex = 0; path = SwiftUIExampleTests.xctest; sourceTree = BUILT_PRODUCTS_DIR; };
		17FA2E63261B9E9600B4A6DB /* SwiftUIExampleTests.swift */ = {isa = PBXFileReference; lastKnownFileType = sourcecode.swift; path = SwiftUIExampleTests.swift; sourceTree = "<group>"; };
		17FA2E65261B9E9600B4A6DB /* Info.plist */ = {isa = PBXFileReference; lastKnownFileType = text.plist.xml; path = Info.plist; sourceTree = "<group>"; };
		17FA2E6A261B9E9600B4A6DB /* SwiftUIExampleUITests.xctest */ = {isa = PBXFileReference; explicitFileType = wrapper.cfbundle; includeInIndex = 0; path = SwiftUIExampleUITests.xctest; sourceTree = BUILT_PRODUCTS_DIR; };
		17FA2E6E261B9E9600B4A6DB /* SwiftUIExampleUITests.swift */ = {isa = PBXFileReference; lastKnownFileType = sourcecode.swift; path = SwiftUIExampleUITests.swift; sourceTree = "<group>"; };
		17FA2E70261B9E9600B4A6DB /* Info.plist */ = {isa = PBXFileReference; lastKnownFileType = text.plist.xml; path = Info.plist; sourceTree = "<group>"; };
/* End PBXFileReference section */

/* Begin PBXFrameworksBuildPhase section */
		17FA2E4B261B9E9300B4A6DB /* Frameworks */ = {
			isa = PBXFrameworksBuildPhase;
			buildActionMask = 2147483647;
			files = (
				17205577261D9366008BE4C7 /* RollbarCommon in Frameworks */,
				17205579261D9366008BE4C7 /* RollbarNotifier in Frameworks */,
				1720557D261D9366008BE4C7 /* RollbarPLCrashReporter in Frameworks */,
				17205573261D9366008BE4C7 /* RollbarKSCrash in Frameworks */,
				17205575261D9366008BE4C7 /* RollbarSwift in Frameworks */,
				1720557B261D9366008BE4C7 /* RollbarDeploys in Frameworks */,
			);
			runOnlyForDeploymentPostprocessing = 0;
		};
		17FA2E5C261B9E9600B4A6DB /* Frameworks */ = {
			isa = PBXFrameworksBuildPhase;
			buildActionMask = 2147483647;
			files = (
			);
			runOnlyForDeploymentPostprocessing = 0;
		};
		17FA2E67261B9E9600B4A6DB /* Frameworks */ = {
			isa = PBXFrameworksBuildPhase;
			buildActionMask = 2147483647;
			files = (
			);
			runOnlyForDeploymentPostprocessing = 0;
		};
/* End PBXFrameworksBuildPhase section */

/* Begin PBXGroup section */
		17144B49261F2A3300D24DA8 /* Views */ = {
			isa = PBXGroup;
			children = (
				17144B4A261F2A3A00D24DA8 /* Onboarding */,
			);
			path = Views;
			sourceTree = "<group>";
		};
		17144B4A261F2A3A00D24DA8 /* Onboarding */ = {
			isa = PBXGroup;
			children = (
				17144B4B261F2A5400D24DA8 /* OnboardingView.swift */,
			);
			path = Onboarding;
			sourceTree = "<group>";
		};
		17205589261D9693008BE4C7 /* Supporting Files */ = {
			isa = PBXGroup;
			children = (
				17205581261D9632008BE4C7 /* Config.xcconfig */,
			);
			path = "Supporting Files";
			sourceTree = "<group>";
		};
		177F1E2E261F2F2400ABD0D5 /* Extensions */ = {
			isa = PBXGroup;
			children = (
				177F1E2F261F2F3500ABD0D5 /* Color+.swift */,
			);
			path = Extensions;
			sourceTree = "<group>";
		};
		17C8A1B626273B9200EB81E6 /* ViewModifiers */ = {
			isa = PBXGroup;
			children = (
				17C8A1B726273BEB00EB81E6 /* ImageTiles.swift */,
			);
			path = ViewModifiers;
			sourceTree = "<group>";
		};
		17C8A1C2262B710600EB81E6 /* Models */ = {
			isa = PBXGroup;
			children = (
				17C8A1C3262B711900EB81E6 /* Onboarding */,
			);
			path = Models;
			sourceTree = "<group>";
		};
		17C8A1C3262B711900EB81E6 /* Onboarding */ = {
			isa = PBXGroup;
			children = (
				17C8A1C4262B712C00EB81E6 /* OnboardingModel.swift */,
			);
			path = Onboarding;
			sourceTree = "<group>";
		};
		17C8A1CC262B71EA00EB81E6 /* ViewModels */ = {
			isa = PBXGroup;
			children = (
				17C8A1CD262B71F900EB81E6 /* Onboarding */,
			);
			path = ViewModels;
			sourceTree = "<group>";
		};
		17C8A1CD262B71F900EB81E6 /* Onboarding */ = {
			isa = PBXGroup;
			children = (
				17C8A1CE262B72B700EB81E6 /* OnboardingViewModel.swift */,
			);
			path = Onboarding;
			sourceTree = "<group>";
		};
		17FA2E45261B9E9300B4A6DB = {
			isa = PBXGroup;
			children = (
				17FA2E50261B9E9300B4A6DB /* SwiftUIExample */,
				17FA2E62261B9E9600B4A6DB /* SwiftUIExampleTests */,
				17FA2E6D261B9E9600B4A6DB /* SwiftUIExampleUITests */,
				17FA2E4F261B9E9300B4A6DB /* Products */,
			);
			sourceTree = "<group>";
		};
		17FA2E4F261B9E9300B4A6DB /* Products */ = {
			isa = PBXGroup;
			children = (
				17FA2E4E261B9E9300B4A6DB /* SwiftUIExample.app */,
				17FA2E5F261B9E9600B4A6DB /* SwiftUIExampleTests.xctest */,
				17FA2E6A261B9E9600B4A6DB /* SwiftUIExampleUITests.xctest */,
			);
			name = Products;
			sourceTree = "<group>";
		};
		17FA2E50261B9E9300B4A6DB /* SwiftUIExample */ = {
			isa = PBXGroup;
			children = (
				17C8A1CC262B71EA00EB81E6 /* ViewModels */,
				17C8A1C2262B710600EB81E6 /* Models */,
				17C8A1B626273B9200EB81E6 /* ViewModifiers */,
				177F1E2E261F2F2400ABD0D5 /* Extensions */,
				17144B49261F2A3300D24DA8 /* Views */,
				17FA2E55261B9E9600B4A6DB /* Assets.xcassets */,
				17FA2E51261B9E9300B4A6DB /* SwiftUIExampleApp.swift */,
				17FA2E53261B9E9300B4A6DB /* ContentView.swift */,
				17FA2E5A261B9E9600B4A6DB /* Info.plist */,
				17205589261D9693008BE4C7 /* Supporting Files */,
				17FA2E57261B9E9600B4A6DB /* Preview Content */,
			);
			path = SwiftUIExample;
			sourceTree = "<group>";
		};
		17FA2E57261B9E9600B4A6DB /* Preview Content */ = {
			isa = PBXGroup;
			children = (
				17FA2E58261B9E9600B4A6DB /* Preview Assets.xcassets */,
			);
			path = "Preview Content";
			sourceTree = "<group>";
		};
		17FA2E62261B9E9600B4A6DB /* SwiftUIExampleTests */ = {
			isa = PBXGroup;
			children = (
				17FA2E63261B9E9600B4A6DB /* SwiftUIExampleTests.swift */,
				17FA2E65261B9E9600B4A6DB /* Info.plist */,
			);
			path = SwiftUIExampleTests;
			sourceTree = "<group>";
		};
		17FA2E6D261B9E9600B4A6DB /* SwiftUIExampleUITests */ = {
			isa = PBXGroup;
			children = (
				17FA2E6E261B9E9600B4A6DB /* SwiftUIExampleUITests.swift */,
				17FA2E70261B9E9600B4A6DB /* Info.plist */,
			);
			path = SwiftUIExampleUITests;
			sourceTree = "<group>";
		};
/* End PBXGroup section */

/* Begin PBXNativeTarget section */
		17FA2E4D261B9E9300B4A6DB /* SwiftUIExample */ = {
			isa = PBXNativeTarget;
			buildConfigurationList = 17FA2E73261B9E9600B4A6DB /* Build configuration list for PBXNativeTarget "SwiftUIExample" */;
			buildPhases = (
				17FA2E4A261B9E9300B4A6DB /* Sources */,
				17FA2E4B261B9E9300B4A6DB /* Frameworks */,
				17FA2E4C261B9E9300B4A6DB /* Resources */,
			);
			buildRules = (
			);
			dependencies = (
			);
			name = SwiftUIExample;
			packageProductDependencies = (
				17205572261D9366008BE4C7 /* RollbarKSCrash */,
				17205574261D9366008BE4C7 /* RollbarSwift */,
				17205576261D9366008BE4C7 /* RollbarCommon */,
				17205578261D9366008BE4C7 /* RollbarNotifier */,
				1720557A261D9366008BE4C7 /* RollbarDeploys */,
				1720557C261D9366008BE4C7 /* RollbarPLCrashReporter */,
			);
			productName = SwiftUIExample;
			productReference = 17FA2E4E261B9E9300B4A6DB /* SwiftUIExample.app */;
			productType = "com.apple.product-type.application";
		};
		17FA2E5E261B9E9600B4A6DB /* SwiftUIExampleTests */ = {
			isa = PBXNativeTarget;
			buildConfigurationList = 17FA2E76261B9E9600B4A6DB /* Build configuration list for PBXNativeTarget "SwiftUIExampleTests" */;
			buildPhases = (
				17FA2E5B261B9E9600B4A6DB /* Sources */,
				17FA2E5C261B9E9600B4A6DB /* Frameworks */,
				17FA2E5D261B9E9600B4A6DB /* Resources */,
			);
			buildRules = (
			);
			dependencies = (
				17FA2E61261B9E9600B4A6DB /* PBXTargetDependency */,
			);
			name = SwiftUIExampleTests;
			productName = SwiftUIExampleTests;
			productReference = 17FA2E5F261B9E9600B4A6DB /* SwiftUIExampleTests.xctest */;
			productType = "com.apple.product-type.bundle.unit-test";
		};
		17FA2E69261B9E9600B4A6DB /* SwiftUIExampleUITests */ = {
			isa = PBXNativeTarget;
			buildConfigurationList = 17FA2E79261B9E9600B4A6DB /* Build configuration list for PBXNativeTarget "SwiftUIExampleUITests" */;
			buildPhases = (
				17FA2E66261B9E9600B4A6DB /* Sources */,
				17FA2E67261B9E9600B4A6DB /* Frameworks */,
				17FA2E68261B9E9600B4A6DB /* Resources */,
			);
			buildRules = (
			);
			dependencies = (
				17FA2E6C261B9E9600B4A6DB /* PBXTargetDependency */,
			);
			name = SwiftUIExampleUITests;
			productName = SwiftUIExampleUITests;
			productReference = 17FA2E6A261B9E9600B4A6DB /* SwiftUIExampleUITests.xctest */;
			productType = "com.apple.product-type.bundle.ui-testing";
		};
/* End PBXNativeTarget section */

/* Begin PBXProject section */
		17FA2E46261B9E9300B4A6DB /* Project object */ = {
			isa = PBXProject;
			attributes = {
				LastSwiftUpdateCheck = 1240;
				LastUpgradeCheck = 1240;
				TargetAttributes = {
					17FA2E4D261B9E9300B4A6DB = {
						CreatedOnToolsVersion = 12.4;
					};
					17FA2E5E261B9E9600B4A6DB = {
						CreatedOnToolsVersion = 12.4;
						TestTargetID = 17FA2E4D261B9E9300B4A6DB;
					};
					17FA2E69261B9E9600B4A6DB = {
						CreatedOnToolsVersion = 12.4;
						TestTargetID = 17FA2E4D261B9E9300B4A6DB;
					};
				};
			};
			buildConfigurationList = 17FA2E49261B9E9300B4A6DB /* Build configuration list for PBXProject "SwiftUIExample" */;
			compatibilityVersion = "Xcode 9.3";
			developmentRegion = en;
			hasScannedForEncodings = 0;
			knownRegions = (
				en,
				Base,
			);
			mainGroup = 17FA2E45261B9E9300B4A6DB;
			packageReferences = (
				17205571261D9366008BE4C7 /* XCRemoteSwiftPackageReference "rollbar-apple" */,
			);
			productRefGroup = 17FA2E4F261B9E9300B4A6DB /* Products */;
			projectDirPath = "";
			projectRoot = "";
			targets = (
				17FA2E4D261B9E9300B4A6DB /* SwiftUIExample */,
				17FA2E5E261B9E9600B4A6DB /* SwiftUIExampleTests */,
				17FA2E69261B9E9600B4A6DB /* SwiftUIExampleUITests */,
			);
		};
/* End PBXProject section */

/* Begin PBXResourcesBuildPhase section */
		17FA2E4C261B9E9300B4A6DB /* Resources */ = {
			isa = PBXResourcesBuildPhase;
			buildActionMask = 2147483647;
			files = (
				17FA2E59261B9E9600B4A6DB /* Preview Assets.xcassets in Resources */,
				17FA2E56261B9E9600B4A6DB /* Assets.xcassets in Resources */,
			);
			runOnlyForDeploymentPostprocessing = 0;
		};
		17FA2E5D261B9E9600B4A6DB /* Resources */ = {
			isa = PBXResourcesBuildPhase;
			buildActionMask = 2147483647;
			files = (
			);
			runOnlyForDeploymentPostprocessing = 0;
		};
		17FA2E68261B9E9600B4A6DB /* Resources */ = {
			isa = PBXResourcesBuildPhase;
			buildActionMask = 2147483647;
			files = (
			);
			runOnlyForDeploymentPostprocessing = 0;
		};
/* End PBXResourcesBuildPhase section */

/* Begin PBXSourcesBuildPhase section */
		17FA2E4A261B9E9300B4A6DB /* Sources */ = {
			isa = PBXSourcesBuildPhase;
			buildActionMask = 2147483647;
			files = (
				17144B4C261F2A5400D24DA8 /* OnboardingView.swift in Sources */,
				177F1E3D261F56C000ABD0D5 /* Color+.swift in Sources */,
				17C8A1C5262B712C00EB81E6 /* OnboardingModel.swift in Sources */,
				17C8A1B826273BEB00EB81E6 /* ImageTiles.swift in Sources */,
				17FA2E54261B9E9300B4A6DB /* ContentView.swift in Sources */,
				17C8A1CF262B72B700EB81E6 /* OnboardingViewModel.swift in Sources */,
				17FA2E52261B9E9300B4A6DB /* SwiftUIExampleApp.swift in Sources */,
			);
			runOnlyForDeploymentPostprocessing = 0;
		};
		17FA2E5B261B9E9600B4A6DB /* Sources */ = {
			isa = PBXSourcesBuildPhase;
			buildActionMask = 2147483647;
			files = (
				17FA2E64261B9E9600B4A6DB /* SwiftUIExampleTests.swift in Sources */,
			);
			runOnlyForDeploymentPostprocessing = 0;
		};
		17FA2E66261B9E9600B4A6DB /* Sources */ = {
			isa = PBXSourcesBuildPhase;
			buildActionMask = 2147483647;
			files = (
				17FA2E6F261B9E9600B4A6DB /* SwiftUIExampleUITests.swift in Sources */,
			);
			runOnlyForDeploymentPostprocessing = 0;
		};
/* End PBXSourcesBuildPhase section */

/* Begin PBXTargetDependency section */
		17FA2E61261B9E9600B4A6DB /* PBXTargetDependency */ = {
			isa = PBXTargetDependency;
			target = 17FA2E4D261B9E9300B4A6DB /* SwiftUIExample */;
			targetProxy = 17FA2E60261B9E9600B4A6DB /* PBXContainerItemProxy */;
		};
		17FA2E6C261B9E9600B4A6DB /* PBXTargetDependency */ = {
			isa = PBXTargetDependency;
			target = 17FA2E4D261B9E9300B4A6DB /* SwiftUIExample */;
			targetProxy = 17FA2E6B261B9E9600B4A6DB /* PBXContainerItemProxy */;
		};
/* End PBXTargetDependency section */

/* Begin XCBuildConfiguration section */
		17FA2E71261B9E9600B4A6DB /* Debug */ = {
			isa = XCBuildConfiguration;
			baseConfigurationReference = 17205581261D9632008BE4C7 /* Config.xcconfig */;
			buildSettings = {
				ALWAYS_SEARCH_USER_PATHS = NO;
				CLANG_ANALYZER_NONNULL = YES;
				CLANG_ANALYZER_NUMBER_OBJECT_CONVERSION = YES_AGGRESSIVE;
				CLANG_CXX_LANGUAGE_STANDARD = "gnu++14";
				CLANG_CXX_LIBRARY = "libc++";
				CLANG_ENABLE_MODULES = YES;
				CLANG_ENABLE_OBJC_ARC = YES;
				CLANG_ENABLE_OBJC_WEAK = YES;
				CLANG_WARN_BLOCK_CAPTURE_AUTORELEASING = YES;
				CLANG_WARN_BOOL_CONVERSION = YES;
				CLANG_WARN_COMMA = YES;
				CLANG_WARN_CONSTANT_CONVERSION = YES;
				CLANG_WARN_DEPRECATED_OBJC_IMPLEMENTATIONS = YES;
				CLANG_WARN_DIRECT_OBJC_ISA_USAGE = YES_ERROR;
				CLANG_WARN_DOCUMENTATION_COMMENTS = YES;
				CLANG_WARN_EMPTY_BODY = YES;
				CLANG_WARN_ENUM_CONVERSION = YES;
				CLANG_WARN_INFINITE_RECURSION = YES;
				CLANG_WARN_INT_CONVERSION = YES;
				CLANG_WARN_NON_LITERAL_NULL_CONVERSION = YES;
				CLANG_WARN_OBJC_IMPLICIT_RETAIN_SELF = YES;
				CLANG_WARN_OBJC_LITERAL_CONVERSION = YES;
				CLANG_WARN_OBJC_ROOT_CLASS = YES_ERROR;
				CLANG_WARN_QUOTED_INCLUDE_IN_FRAMEWORK_HEADER = YES;
				CLANG_WARN_RANGE_LOOP_ANALYSIS = YES;
				CLANG_WARN_STRICT_PROTOTYPES = YES;
				CLANG_WARN_SUSPICIOUS_MOVE = YES;
				CLANG_WARN_UNGUARDED_AVAILABILITY = YES_AGGRESSIVE;
				CLANG_WARN_UNREACHABLE_CODE = YES;
				CLANG_WARN__DUPLICATE_METHOD_MATCH = YES;
				COPY_PHASE_STRIP = NO;
				DEBUG_INFORMATION_FORMAT = dwarf;
				ENABLE_STRICT_OBJC_MSGSEND = YES;
				ENABLE_TESTABILITY = YES;
				GCC_C_LANGUAGE_STANDARD = gnu11;
				GCC_DYNAMIC_NO_PIC = NO;
				GCC_NO_COMMON_BLOCKS = YES;
				GCC_OPTIMIZATION_LEVEL = 0;
				GCC_PREPROCESSOR_DEFINITIONS = (
					"DEBUG=1",
					"$(inherited)",
				);
				GCC_WARN_64_TO_32_BIT_CONVERSION = YES;
				GCC_WARN_ABOUT_RETURN_TYPE = YES_ERROR;
				GCC_WARN_UNDECLARED_SELECTOR = YES;
				GCC_WARN_UNINITIALIZED_AUTOS = YES_AGGRESSIVE;
				GCC_WARN_UNUSED_FUNCTION = YES;
				GCC_WARN_UNUSED_VARIABLE = YES;
				IPHONEOS_DEPLOYMENT_TARGET = 14.4;
				MTL_ENABLE_DEBUG_INFO = INCLUDE_SOURCE;
				MTL_FAST_MATH = YES;
				ONLY_ACTIVE_ARCH = YES;
				SDKROOT = iphoneos;
				SWIFT_ACTIVE_COMPILATION_CONDITIONS = DEBUG;
				SWIFT_OPTIMIZATION_LEVEL = "-Onone";
			};
			name = Debug;
		};
		17FA2E72261B9E9600B4A6DB /* Release */ = {
			isa = XCBuildConfiguration;
			baseConfigurationReference = 17205581261D9632008BE4C7 /* Config.xcconfig */;
			buildSettings = {
				ALWAYS_SEARCH_USER_PATHS = NO;
				CLANG_ANALYZER_NONNULL = YES;
				CLANG_ANALYZER_NUMBER_OBJECT_CONVERSION = YES_AGGRESSIVE;
				CLANG_CXX_LANGUAGE_STANDARD = "gnu++14";
				CLANG_CXX_LIBRARY = "libc++";
				CLANG_ENABLE_MODULES = YES;
				CLANG_ENABLE_OBJC_ARC = YES;
				CLANG_ENABLE_OBJC_WEAK = YES;
				CLANG_WARN_BLOCK_CAPTURE_AUTORELEASING = YES;
				CLANG_WARN_BOOL_CONVERSION = YES;
				CLANG_WARN_COMMA = YES;
				CLANG_WARN_CONSTANT_CONVERSION = YES;
				CLANG_WARN_DEPRECATED_OBJC_IMPLEMENTATIONS = YES;
				CLANG_WARN_DIRECT_OBJC_ISA_USAGE = YES_ERROR;
				CLANG_WARN_DOCUMENTATION_COMMENTS = YES;
				CLANG_WARN_EMPTY_BODY = YES;
				CLANG_WARN_ENUM_CONVERSION = YES;
				CLANG_WARN_INFINITE_RECURSION = YES;
				CLANG_WARN_INT_CONVERSION = YES;
				CLANG_WARN_NON_LITERAL_NULL_CONVERSION = YES;
				CLANG_WARN_OBJC_IMPLICIT_RETAIN_SELF = YES;
				CLANG_WARN_OBJC_LITERAL_CONVERSION = YES;
				CLANG_WARN_OBJC_ROOT_CLASS = YES_ERROR;
				CLANG_WARN_QUOTED_INCLUDE_IN_FRAMEWORK_HEADER = YES;
				CLANG_WARN_RANGE_LOOP_ANALYSIS = YES;
				CLANG_WARN_STRICT_PROTOTYPES = YES;
				CLANG_WARN_SUSPICIOUS_MOVE = YES;
				CLANG_WARN_UNGUARDED_AVAILABILITY = YES_AGGRESSIVE;
				CLANG_WARN_UNREACHABLE_CODE = YES;
				CLANG_WARN__DUPLICATE_METHOD_MATCH = YES;
				COPY_PHASE_STRIP = NO;
				DEBUG_INFORMATION_FORMAT = "dwarf-with-dsym";
				ENABLE_NS_ASSERTIONS = NO;
				ENABLE_STRICT_OBJC_MSGSEND = YES;
				GCC_C_LANGUAGE_STANDARD = gnu11;
				GCC_NO_COMMON_BLOCKS = YES;
				GCC_WARN_64_TO_32_BIT_CONVERSION = YES;
				GCC_WARN_ABOUT_RETURN_TYPE = YES_ERROR;
				GCC_WARN_UNDECLARED_SELECTOR = YES;
				GCC_WARN_UNINITIALIZED_AUTOS = YES_AGGRESSIVE;
				GCC_WARN_UNUSED_FUNCTION = YES;
				GCC_WARN_UNUSED_VARIABLE = YES;
				IPHONEOS_DEPLOYMENT_TARGET = 14.4;
				MTL_ENABLE_DEBUG_INFO = NO;
				MTL_FAST_MATH = YES;
				SDKROOT = iphoneos;
				SWIFT_COMPILATION_MODE = wholemodule;
				SWIFT_OPTIMIZATION_LEVEL = "-O";
				VALIDATE_PRODUCT = YES;
			};
			name = Release;
		};
		17FA2E74261B9E9600B4A6DB /* Debug */ = {
			isa = XCBuildConfiguration;
			buildSettings = {
				ASSETCATALOG_COMPILER_APPICON_NAME = AppIcon;
				ASSETCATALOG_COMPILER_GLOBAL_ACCENT_COLOR_NAME = AccentColor;
				CODE_SIGN_STYLE = Automatic;
				DEVELOPMENT_ASSET_PATHS = "\"SwiftUIExample/Preview Content\"";
				ENABLE_PREVIEWS = YES;
				INFOPLIST_FILE = SwiftUIExample/Info.plist;
				IPHONEOS_DEPLOYMENT_TARGET = 14.0;
				LD_RUNPATH_SEARCH_PATHS = (
					"$(inherited)",
					"@executable_path/Frameworks",
				);
				PRODUCT_BUNDLE_IDENTIFIER = JoseTorronteras.SwiftUIExample;
				PRODUCT_NAME = "$(TARGET_NAME)";
				SWIFT_VERSION = 5.0;
				TARGETED_DEVICE_FAMILY = "1,2";
			};
			name = Debug;
		};
		17FA2E75261B9E9600B4A6DB /* Release */ = {
			isa = XCBuildConfiguration;
			buildSettings = {
				ASSETCATALOG_COMPILER_APPICON_NAME = AppIcon;
				ASSETCATALOG_COMPILER_GLOBAL_ACCENT_COLOR_NAME = AccentColor;
				CODE_SIGN_STYLE = Automatic;
				DEVELOPMENT_ASSET_PATHS = "\"SwiftUIExample/Preview Content\"";
				ENABLE_PREVIEWS = YES;
				INFOPLIST_FILE = SwiftUIExample/Info.plist;
				IPHONEOS_DEPLOYMENT_TARGET = 14.0;
				LD_RUNPATH_SEARCH_PATHS = (
					"$(inherited)",
					"@executable_path/Frameworks",
				);
				PRODUCT_BUNDLE_IDENTIFIER = JoseTorronteras.SwiftUIExample;
				PRODUCT_NAME = "$(TARGET_NAME)";
				SWIFT_VERSION = 5.0;
				TARGETED_DEVICE_FAMILY = "1,2";
			};
			name = Release;
		};
		17FA2E77261B9E9600B4A6DB /* Debug */ = {
			isa = XCBuildConfiguration;
			buildSettings = {
				ALWAYS_EMBED_SWIFT_STANDARD_LIBRARIES = YES;
				BUNDLE_LOADER = "$(TEST_HOST)";
				CODE_SIGN_STYLE = Automatic;
				INFOPLIST_FILE = SwiftUIExampleTests/Info.plist;
				IPHONEOS_DEPLOYMENT_TARGET = 14.0;
				LD_RUNPATH_SEARCH_PATHS = (
					"$(inherited)",
					"@executable_path/Frameworks",
					"@loader_path/Frameworks",
				);
				PRODUCT_BUNDLE_IDENTIFIER = JoseTorronteras.SwiftUIExampleTests;
				PRODUCT_NAME = "$(TARGET_NAME)";
				SWIFT_VERSION = 5.0;
				TARGETED_DEVICE_FAMILY = "1,2";
				TEST_HOST = "$(BUILT_PRODUCTS_DIR)/SwiftUIExample.app/SwiftUIExample";
			};
			name = Debug;
		};
		17FA2E78261B9E9600B4A6DB /* Release */ = {
			isa = XCBuildConfiguration;
			buildSettings = {
				ALWAYS_EMBED_SWIFT_STANDARD_LIBRARIES = YES;
				BUNDLE_LOADER = "$(TEST_HOST)";
				CODE_SIGN_STYLE = Automatic;
				INFOPLIST_FILE = SwiftUIExampleTests/Info.plist;
				IPHONEOS_DEPLOYMENT_TARGET = 14.0;
				LD_RUNPATH_SEARCH_PATHS = (
					"$(inherited)",
					"@executable_path/Frameworks",
					"@loader_path/Frameworks",
				);
				PRODUCT_BUNDLE_IDENTIFIER = JoseTorronteras.SwiftUIExampleTests;
				PRODUCT_NAME = "$(TARGET_NAME)";
				SWIFT_VERSION = 5.0;
				TARGETED_DEVICE_FAMILY = "1,2";
				TEST_HOST = "$(BUILT_PRODUCTS_DIR)/SwiftUIExample.app/SwiftUIExample";
			};
			name = Release;
		};
		17FA2E7A261B9E9600B4A6DB /* Debug */ = {
			isa = XCBuildConfiguration;
			buildSettings = {
				ALWAYS_EMBED_SWIFT_STANDARD_LIBRARIES = YES;
				CODE_SIGN_STYLE = Automatic;
				INFOPLIST_FILE = SwiftUIExampleUITests/Info.plist;
				LD_RUNPATH_SEARCH_PATHS = (
					"$(inherited)",
					"@executable_path/Frameworks",
					"@loader_path/Frameworks",
				);
				PRODUCT_BUNDLE_IDENTIFIER = JoseTorronteras.SwiftUIExampleUITests;
				PRODUCT_NAME = "$(TARGET_NAME)";
				SWIFT_VERSION = 5.0;
				TARGETED_DEVICE_FAMILY = "1,2";
				TEST_TARGET_NAME = SwiftUIExample;
			};
			name = Debug;
		};
		17FA2E7B261B9E9600B4A6DB /* Release */ = {
			isa = XCBuildConfiguration;
			buildSettings = {
				ALWAYS_EMBED_SWIFT_STANDARD_LIBRARIES = YES;
				CODE_SIGN_STYLE = Automatic;
				INFOPLIST_FILE = SwiftUIExampleUITests/Info.plist;
				LD_RUNPATH_SEARCH_PATHS = (
					"$(inherited)",
					"@executable_path/Frameworks",
					"@loader_path/Frameworks",
				);
				PRODUCT_BUNDLE_IDENTIFIER = JoseTorronteras.SwiftUIExampleUITests;
				PRODUCT_NAME = "$(TARGET_NAME)";
				SWIFT_VERSION = 5.0;
				TARGETED_DEVICE_FAMILY = "1,2";
				TEST_TARGET_NAME = SwiftUIExample;
			};
			name = Release;
		};
/* End XCBuildConfiguration section */

/* Begin XCConfigurationList section */
		17FA2E49261B9E9300B4A6DB /* Build configuration list for PBXProject "SwiftUIExample" */ = {
			isa = XCConfigurationList;
			buildConfigurations = (
				17FA2E71261B9E9600B4A6DB /* Debug */,
				17FA2E72261B9E9600B4A6DB /* Release */,
			);
			defaultConfigurationIsVisible = 0;
			defaultConfigurationName = Release;
		};
		17FA2E73261B9E9600B4A6DB /* Build configuration list for PBXNativeTarget "SwiftUIExample" */ = {
			isa = XCConfigurationList;
			buildConfigurations = (
				17FA2E74261B9E9600B4A6DB /* Debug */,
				17FA2E75261B9E9600B4A6DB /* Release */,
			);
			defaultConfigurationIsVisible = 0;
			defaultConfigurationName = Release;
		};
		17FA2E76261B9E9600B4A6DB /* Build configuration list for PBXNativeTarget "SwiftUIExampleTests" */ = {
			isa = XCConfigurationList;
			buildConfigurations = (
				17FA2E77261B9E9600B4A6DB /* Debug */,
				17FA2E78261B9E9600B4A6DB /* Release */,
			);
			defaultConfigurationIsVisible = 0;
			defaultConfigurationName = Release;
		};
		17FA2E79261B9E9600B4A6DB /* Build configuration list for PBXNativeTarget "SwiftUIExampleUITests" */ = {
			isa = XCConfigurationList;
			buildConfigurations = (
				17FA2E7A261B9E9600B4A6DB /* Debug */,
				17FA2E7B261B9E9600B4A6DB /* Release */,
			);
			defaultConfigurationIsVisible = 0;
			defaultConfigurationName = Release;
		};
/* End XCConfigurationList section */

/* Begin XCRemoteSwiftPackageReference section */
		17205571261D9366008BE4C7 /* XCRemoteSwiftPackageReference "rollbar-apple" */ = {
			isa = XCRemoteSwiftPackageReference;
			repositoryURL = "https://github.com/rollbar/rollbar-apple.git";
			requirement = {
				branch = master;
				kind = branch;
			};
		};
/* End XCRemoteSwiftPackageReference section */

/* Begin XCSwiftPackageProductDependency section */
		17205572261D9366008BE4C7 /* RollbarKSCrash */ = {
			isa = XCSwiftPackageProductDependency;
			package = 17205571261D9366008BE4C7 /* XCRemoteSwiftPackageReference "rollbar-apple" */;
			productName = RollbarKSCrash;
		};
		17205574261D9366008BE4C7 /* RollbarSwift */ = {
			isa = XCSwiftPackageProductDependency;
			package = 17205571261D9366008BE4C7 /* XCRemoteSwiftPackageReference "rollbar-apple" */;
			productName = RollbarSwift;
		};
		17205576261D9366008BE4C7 /* RollbarCommon */ = {
			isa = XCSwiftPackageProductDependency;
			package = 17205571261D9366008BE4C7 /* XCRemoteSwiftPackageReference "rollbar-apple" */;
			productName = RollbarCommon;
		};
		17205578261D9366008BE4C7 /* RollbarNotifier */ = {
			isa = XCSwiftPackageProductDependency;
			package = 17205571261D9366008BE4C7 /* XCRemoteSwiftPackageReference "rollbar-apple" */;
			productName = RollbarNotifier;
		};
		1720557A261D9366008BE4C7 /* RollbarDeploys */ = {
			isa = XCSwiftPackageProductDependency;
			package = 17205571261D9366008BE4C7 /* XCRemoteSwiftPackageReference "rollbar-apple" */;
			productName = RollbarDeploys;
		};
		1720557C261D9366008BE4C7 /* RollbarPLCrashReporter */ = {
			isa = XCSwiftPackageProductDependency;
			package = 17205571261D9366008BE4C7 /* XCRemoteSwiftPackageReference "rollbar-apple" */;
			productName = RollbarPLCrashReporter;
		};
/* End XCSwiftPackageProductDependency section */
	};
	rootObject = 17FA2E46261B9E9300B4A6DB /* Project object */;
}
