// !$*UTF8*$!
{
	archiveVersion = 1;
	classes = {
	};
	objectVersion = 50;
	objects = {

/* Begin PBXBuildFile section */
		178948B1261B6DC90070C5AA /* SwiftUIApp.swift in Sources */ = {isa = PBXBuildFile; fileRef = 178948B0261B6DC90070C5AA /* SwiftUIApp.swift */; };
		178948B3261B6DC90070C5AA /* ContentView.swift in Sources */ = {isa = PBXBuildFile; fileRef = 178948B2261B6DC90070C5AA /* ContentView.swift */; };
		178948B5261B6DCC0070C5AA /* Assets.xcassets in Resources */ = {isa = PBXBuildFile; fileRef = 178948B4261B6DCC0070C5AA /* Assets.xcassets */; };
		178948B8261B6DCC0070C5AA /* Preview Assets.xcassets in Resources */ = {isa = PBXBuildFile; fileRef = 178948B7261B6DCC0070C5AA /* Preview Assets.xcassets */; };
		178948C3261B6DCC0070C5AA /* SwiftUITests.swift in Sources */ = {isa = PBXBuildFile; fileRef = 178948C2261B6DCC0070C5AA /* SwiftUITests.swift */; };
		178948CE261B6DCC0070C5AA /* SwiftUIUITests.swift in Sources */ = {isa = PBXBuildFile; fileRef = 178948CD261B6DCC0070C5AA /* SwiftUIUITests.swift */; };
/* End PBXBuildFile section */

/* Begin PBXContainerItemProxy section */
		178948BF261B6DCC0070C5AA /* PBXContainerItemProxy */ = {
			isa = PBXContainerItemProxy;
			containerPortal = 178948A5261B6DC90070C5AA /* Project object */;
			proxyType = 1;
			remoteGlobalIDString = 178948AC261B6DC90070C5AA;
			remoteInfo = SwiftUI;
		};
		178948CA261B6DCC0070C5AA /* PBXContainerItemProxy */ = {
			isa = PBXContainerItemProxy;
			containerPortal = 178948A5261B6DC90070C5AA /* Project object */;
			proxyType = 1;
			remoteGlobalIDString = 178948AC261B6DC90070C5AA;
			remoteInfo = SwiftUI;
		};
/* End PBXContainerItemProxy section */

/* Begin PBXFileReference section */
		178948AD261B6DC90070C5AA /* SwiftUI.app */ = {isa = PBXFileReference; explicitFileType = wrapper.application; includeInIndex = 0; path = SwiftUI.app; sourceTree = BUILT_PRODUCTS_DIR; };
		178948B0261B6DC90070C5AA /* SwiftUIApp.swift */ = {isa = PBXFileReference; lastKnownFileType = sourcecode.swift; path = SwiftUIApp.swift; sourceTree = "<group>"; };
		178948B2261B6DC90070C5AA /* ContentView.swift */ = {isa = PBXFileReference; lastKnownFileType = sourcecode.swift; path = ContentView.swift; sourceTree = "<group>"; };
		178948B4261B6DCC0070C5AA /* Assets.xcassets */ = {isa = PBXFileReference; lastKnownFileType = folder.assetcatalog; path = Assets.xcassets; sourceTree = "<group>"; };
		178948B7261B6DCC0070C5AA /* Preview Assets.xcassets */ = {isa = PBXFileReference; lastKnownFileType = folder.assetcatalog; path = "Preview Assets.xcassets"; sourceTree = "<group>"; };
		178948B9261B6DCC0070C5AA /* Info.plist */ = {isa = PBXFileReference; lastKnownFileType = text.plist.xml; path = Info.plist; sourceTree = "<group>"; };
		178948BE261B6DCC0070C5AA /* SwiftUITests.xctest */ = {isa = PBXFileReference; explicitFileType = wrapper.cfbundle; includeInIndex = 0; path = SwiftUITests.xctest; sourceTree = BUILT_PRODUCTS_DIR; };
		178948C2261B6DCC0070C5AA /* SwiftUITests.swift */ = {isa = PBXFileReference; lastKnownFileType = sourcecode.swift; path = SwiftUITests.swift; sourceTree = "<group>"; };
		178948C4261B6DCC0070C5AA /* Info.plist */ = {isa = PBXFileReference; lastKnownFileType = text.plist.xml; path = Info.plist; sourceTree = "<group>"; };
		178948C9261B6DCC0070C5AA /* SwiftUIUITests.xctest */ = {isa = PBXFileReference; explicitFileType = wrapper.cfbundle; includeInIndex = 0; path = SwiftUIUITests.xctest; sourceTree = BUILT_PRODUCTS_DIR; };
		178948CD261B6DCC0070C5AA /* SwiftUIUITests.swift */ = {isa = PBXFileReference; lastKnownFileType = sourcecode.swift; path = SwiftUIUITests.swift; sourceTree = "<group>"; };
		178948CF261B6DCC0070C5AA /* Info.plist */ = {isa = PBXFileReference; lastKnownFileType = text.plist.xml; path = Info.plist; sourceTree = "<group>"; };
/* End PBXFileReference section */

/* Begin PBXFrameworksBuildPhase section */
		178948AA261B6DC90070C5AA /* Frameworks */ = {
			isa = PBXFrameworksBuildPhase;
			buildActionMask = 2147483647;
			files = (
			);
			runOnlyForDeploymentPostprocessing = 0;
		};
		178948BB261B6DCC0070C5AA /* Frameworks */ = {
			isa = PBXFrameworksBuildPhase;
			buildActionMask = 2147483647;
			files = (
			);
			runOnlyForDeploymentPostprocessing = 0;
		};
		178948C6261B6DCC0070C5AA /* Frameworks */ = {
			isa = PBXFrameworksBuildPhase;
			buildActionMask = 2147483647;
			files = (
			);
			runOnlyForDeploymentPostprocessing = 0;
		};
/* End PBXFrameworksBuildPhase section */

/* Begin PBXGroup section */
		178948A4261B6DC90070C5AA = {
			isa = PBXGroup;
			children = (
				178948AF261B6DC90070C5AA /* SwiftUI */,
				178948C1261B6DCC0070C5AA /* SwiftUITests */,
				178948CC261B6DCC0070C5AA /* SwiftUIUITests */,
				178948AE261B6DC90070C5AA /* Products */,
			);
			sourceTree = "<group>";
		};
		178948AE261B6DC90070C5AA /* Products */ = {
			isa = PBXGroup;
			children = (
				178948AD261B6DC90070C5AA /* SwiftUI.app */,
				178948BE261B6DCC0070C5AA /* SwiftUITests.xctest */,
				178948C9261B6DCC0070C5AA /* SwiftUIUITests.xctest */,
			);
			name = Products;
			sourceTree = "<group>";
		};
		178948AF261B6DC90070C5AA /* SwiftUI */ = {
			isa = PBXGroup;
			children = (
				178948B0261B6DC90070C5AA /* SwiftUIApp.swift */,
				178948B2261B6DC90070C5AA /* ContentView.swift */,
				178948B4261B6DCC0070C5AA /* Assets.xcassets */,
				178948B9261B6DCC0070C5AA /* Info.plist */,
				178948B6261B6DCC0070C5AA /* Preview Content */,
			);
			path = SwiftUI;
			sourceTree = "<group>";
		};
		178948B6261B6DCC0070C5AA /* Preview Content */ = {
			isa = PBXGroup;
			children = (
				178948B7261B6DCC0070C5AA /* Preview Assets.xcassets */,
			);
			path = "Preview Content";
			sourceTree = "<group>";
		};
		178948C1261B6DCC0070C5AA /* SwiftUITests */ = {
			isa = PBXGroup;
			children = (
				178948C2261B6DCC0070C5AA /* SwiftUITests.swift */,
				178948C4261B6DCC0070C5AA /* Info.plist */,
			);
			path = SwiftUITests;
			sourceTree = "<group>";
		};
		178948CC261B6DCC0070C5AA /* SwiftUIUITests */ = {
			isa = PBXGroup;
			children = (
				178948CD261B6DCC0070C5AA /* SwiftUIUITests.swift */,
				178948CF261B6DCC0070C5AA /* Info.plist */,
			);
			path = SwiftUIUITests;
			sourceTree = "<group>";
		};
/* End PBXGroup section */

/* Begin PBXNativeTarget section */
		178948AC261B6DC90070C5AA /* SwiftUI */ = {
			isa = PBXNativeTarget;
			buildConfigurationList = 178948D2261B6DCC0070C5AA /* Build configuration list for PBXNativeTarget "SwiftUI" */;
			buildPhases = (
				178948A9261B6DC90070C5AA /* Sources */,
				178948AA261B6DC90070C5AA /* Frameworks */,
				178948AB261B6DC90070C5AA /* Resources */,
			);
			buildRules = (
			);
			dependencies = (
			);
			name = SwiftUI;
			productName = SwiftUI;
			productReference = 178948AD261B6DC90070C5AA /* SwiftUI.app */;
			productType = "com.apple.product-type.application";
		};
		178948BD261B6DCC0070C5AA /* SwiftUITests */ = {
			isa = PBXNativeTarget;
			buildConfigurationList = 178948D5261B6DCC0070C5AA /* Build configuration list for PBXNativeTarget "SwiftUITests" */;
			buildPhases = (
				178948BA261B6DCC0070C5AA /* Sources */,
				178948BB261B6DCC0070C5AA /* Frameworks */,
				178948BC261B6DCC0070C5AA /* Resources */,
			);
			buildRules = (
			);
			dependencies = (
				178948C0261B6DCC0070C5AA /* PBXTargetDependency */,
			);
			name = SwiftUITests;
			productName = SwiftUITests;
			productReference = 178948BE261B6DCC0070C5AA /* SwiftUITests.xctest */;
			productType = "com.apple.product-type.bundle.unit-test";
		};
		178948C8261B6DCC0070C5AA /* SwiftUIUITests */ = {
			isa = PBXNativeTarget;
			buildConfigurationList = 178948D8261B6DCC0070C5AA /* Build configuration list for PBXNativeTarget "SwiftUIUITests" */;
			buildPhases = (
				178948C5261B6DCC0070C5AA /* Sources */,
				178948C6261B6DCC0070C5AA /* Frameworks */,
				178948C7261B6DCC0070C5AA /* Resources */,
			);
			buildRules = (
			);
			dependencies = (
				178948CB261B6DCC0070C5AA /* PBXTargetDependency */,
			);
			name = SwiftUIUITests;
			productName = SwiftUIUITests;
			productReference = 178948C9261B6DCC0070C5AA /* SwiftUIUITests.xctest */;
			productType = "com.apple.product-type.bundle.ui-testing";
		};
/* End PBXNativeTarget section */

/* Begin PBXProject section */
		178948A5261B6DC90070C5AA /* Project object */ = {
			isa = PBXProject;
			attributes = {
				LastSwiftUpdateCheck = 1240;
				LastUpgradeCheck = 1240;
				TargetAttributes = {
					178948AC261B6DC90070C5AA = {
						CreatedOnToolsVersion = 12.4;
					};
					178948BD261B6DCC0070C5AA = {
						CreatedOnToolsVersion = 12.4;
						TestTargetID = 178948AC261B6DC90070C5AA;
					};
					178948C8261B6DCC0070C5AA = {
						CreatedOnToolsVersion = 12.4;
						TestTargetID = 178948AC261B6DC90070C5AA;
					};
				};
			};
			buildConfigurationList = 178948A8261B6DC90070C5AA /* Build configuration list for PBXProject "SwiftUI" */;
			compatibilityVersion = "Xcode 9.3";
			developmentRegion = en;
			hasScannedForEncodings = 0;
			knownRegions = (
				en,
				Base,
			);
			mainGroup = 178948A4261B6DC90070C5AA;
			productRefGroup = 178948AE261B6DC90070C5AA /* Products */;
			projectDirPath = "";
			projectRoot = "";
			targets = (
				178948AC261B6DC90070C5AA /* SwiftUI */,
				178948BD261B6DCC0070C5AA /* SwiftUITests */,
				178948C8261B6DCC0070C5AA /* SwiftUIUITests */,
			);
		};
/* End PBXProject section */

/* Begin PBXResourcesBuildPhase section */
		178948AB261B6DC90070C5AA /* Resources */ = {
			isa = PBXResourcesBuildPhase;
			buildActionMask = 2147483647;
			files = (
				178948B8261B6DCC0070C5AA /* Preview Assets.xcassets in Resources */,
				178948B5261B6DCC0070C5AA /* Assets.xcassets in Resources */,
			);
			runOnlyForDeploymentPostprocessing = 0;
		};
		178948BC261B6DCC0070C5AA /* Resources */ = {
			isa = PBXResourcesBuildPhase;
			buildActionMask = 2147483647;
			files = (
			);
			runOnlyForDeploymentPostprocessing = 0;
		};
		178948C7261B6DCC0070C5AA /* Resources */ = {
			isa = PBXResourcesBuildPhase;
			buildActionMask = 2147483647;
			files = (
			);
			runOnlyForDeploymentPostprocessing = 0;
		};
/* End PBXResourcesBuildPhase section */

/* Begin PBXSourcesBuildPhase section */
		178948A9261B6DC90070C5AA /* Sources */ = {
			isa = PBXSourcesBuildPhase;
			buildActionMask = 2147483647;
			files = (
				178948B3261B6DC90070C5AA /* ContentView.swift in Sources */,
				178948B1261B6DC90070C5AA /* SwiftUIApp.swift in Sources */,
			);
			runOnlyForDeploymentPostprocessing = 0;
		};
		178948BA261B6DCC0070C5AA /* Sources */ = {
			isa = PBXSourcesBuildPhase;
			buildActionMask = 2147483647;
			files = (
				178948C3261B6DCC0070C5AA /* SwiftUITests.swift in Sources */,
			);
			runOnlyForDeploymentPostprocessing = 0;
		};
		178948C5261B6DCC0070C5AA /* Sources */ = {
			isa = PBXSourcesBuildPhase;
			buildActionMask = 2147483647;
			files = (
				178948CE261B6DCC0070C5AA /* SwiftUIUITests.swift in Sources */,
			);
			runOnlyForDeploymentPostprocessing = 0;
		};
/* End PBXSourcesBuildPhase section */

/* Begin PBXTargetDependency section */
		178948C0261B6DCC0070C5AA /* PBXTargetDependency */ = {
			isa = PBXTargetDependency;
			target = 178948AC261B6DC90070C5AA /* SwiftUI */;
			targetProxy = 178948BF261B6DCC0070C5AA /* PBXContainerItemProxy */;
		};
		178948CB261B6DCC0070C5AA /* PBXTargetDependency */ = {
			isa = PBXTargetDependency;
			target = 178948AC261B6DC90070C5AA /* SwiftUI */;
			targetProxy = 178948CA261B6DCC0070C5AA /* PBXContainerItemProxy */;
		};
/* End PBXTargetDependency section */

/* Begin XCBuildConfiguration section */
		178948D0261B6DCC0070C5AA /* Debug */ = {
			isa = XCBuildConfiguration;
			buildSettings = {
				ALWAYS_SEARCH_USER_PATHS = NO;
				CLANG_ANALYZER_NONNULL = YES;
				CLANG_ANALYZER_NUMBER_OBJECT_CONVERSION = YES_AGGRESSIVE;
				CLANG_CXX_LANGUAGE_STANDARD = "gnu++14";
				CLANG_CXX_LIBRARY = "libc++";
				CLANG_ENABLE_MODULES = YES;
				CLANG_ENABLE_OBJC_ARC = YES;
				CLANG_ENABLE_OBJC_WEAK = YES;
				CLANG_WARN_BLOCK_CAPTURE_AUTORELEASING = YES;
				CLANG_WARN_BOOL_CONVERSION = YES;
				CLANG_WARN_COMMA = YES;
				CLANG_WARN_CONSTANT_CONVERSION = YES;
				CLANG_WARN_DEPRECATED_OBJC_IMPLEMENTATIONS = YES;
				CLANG_WARN_DIRECT_OBJC_ISA_USAGE = YES_ERROR;
				CLANG_WARN_DOCUMENTATION_COMMENTS = YES;
				CLANG_WARN_EMPTY_BODY = YES;
				CLANG_WARN_ENUM_CONVERSION = YES;
				CLANG_WARN_INFINITE_RECURSION = YES;
				CLANG_WARN_INT_CONVERSION = YES;
				CLANG_WARN_NON_LITERAL_NULL_CONVERSION = YES;
				CLANG_WARN_OBJC_IMPLICIT_RETAIN_SELF = YES;
				CLANG_WARN_OBJC_LITERAL_CONVERSION = YES;
				CLANG_WARN_OBJC_ROOT_CLASS = YES_ERROR;
				CLANG_WARN_QUOTED_INCLUDE_IN_FRAMEWORK_HEADER = YES;
				CLANG_WARN_RANGE_LOOP_ANALYSIS = YES;
				CLANG_WARN_STRICT_PROTOTYPES = YES;
				CLANG_WARN_SUSPICIOUS_MOVE = YES;
				CLANG_WARN_UNGUARDED_AVAILABILITY = YES_AGGRESSIVE;
				CLANG_WARN_UNREACHABLE_CODE = YES;
				CLANG_WARN__DUPLICATE_METHOD_MATCH = YES;
				COPY_PHASE_STRIP = NO;
				DEBUG_INFORMATION_FORMAT = dwarf;
				ENABLE_STRICT_OBJC_MSGSEND = YES;
				ENABLE_TESTABILITY = YES;
				GCC_C_LANGUAGE_STANDARD = gnu11;
				GCC_DYNAMIC_NO_PIC = NO;
				GCC_NO_COMMON_BLOCKS = YES;
				GCC_OPTIMIZATION_LEVEL = 0;
				GCC_PREPROCESSOR_DEFINITIONS = (
					"DEBUG=1",
					"$(inherited)",
				);
				GCC_WARN_64_TO_32_BIT_CONVERSION = YES;
				GCC_WARN_ABOUT_RETURN_TYPE = YES_ERROR;
				GCC_WARN_UNDECLARED_SELECTOR = YES;
				GCC_WARN_UNINITIALIZED_AUTOS = YES_AGGRESSIVE;
				GCC_WARN_UNUSED_FUNCTION = YES;
				GCC_WARN_UNUSED_VARIABLE = YES;
				IPHONEOS_DEPLOYMENT_TARGET = 14.4;
				MTL_ENABLE_DEBUG_INFO = INCLUDE_SOURCE;
				MTL_FAST_MATH = YES;
				ONLY_ACTIVE_ARCH = YES;
				SDKROOT = iphoneos;
				SWIFT_ACTIVE_COMPILATION_CONDITIONS = DEBUG;
				SWIFT_OPTIMIZATION_LEVEL = "-Onone";
			};
			name = Debug;
		};
		178948D1261B6DCC0070C5AA /* Release */ = {
			isa = XCBuildConfiguration;
			buildSettings = {
				ALWAYS_SEARCH_USER_PATHS = NO;
				CLANG_ANALYZER_NONNULL = YES;
				CLANG_ANALYZER_NUMBER_OBJECT_CONVERSION = YES_AGGRESSIVE;
				CLANG_CXX_LANGUAGE_STANDARD = "gnu++14";
				CLANG_CXX_LIBRARY = "libc++";
				CLANG_ENABLE_MODULES = YES;
				CLANG_ENABLE_OBJC_ARC = YES;
				CLANG_ENABLE_OBJC_WEAK = YES;
				CLANG_WARN_BLOCK_CAPTURE_AUTORELEASING = YES;
				CLANG_WARN_BOOL_CONVERSION = YES;
				CLANG_WARN_COMMA = YES;
				CLANG_WARN_CONSTANT_CONVERSION = YES;
				CLANG_WARN_DEPRECATED_OBJC_IMPLEMENTATIONS = YES;
				CLANG_WARN_DIRECT_OBJC_ISA_USAGE = YES_ERROR;
				CLANG_WARN_DOCUMENTATION_COMMENTS = YES;
				CLANG_WARN_EMPTY_BODY = YES;
				CLANG_WARN_ENUM_CONVERSION = YES;
				CLANG_WARN_INFINITE_RECURSION = YES;
				CLANG_WARN_INT_CONVERSION = YES;
				CLANG_WARN_NON_LITERAL_NULL_CONVERSION = YES;
				CLANG_WARN_OBJC_IMPLICIT_RETAIN_SELF = YES;
				CLANG_WARN_OBJC_LITERAL_CONVERSION = YES;
				CLANG_WARN_OBJC_ROOT_CLASS = YES_ERROR;
				CLANG_WARN_QUOTED_INCLUDE_IN_FRAMEWORK_HEADER = YES;
				CLANG_WARN_RANGE_LOOP_ANALYSIS = YES;
				CLANG_WARN_STRICT_PROTOTYPES = YES;
				CLANG_WARN_SUSPICIOUS_MOVE = YES;
				CLANG_WARN_UNGUARDED_AVAILABILITY = YES_AGGRESSIVE;
				CLANG_WARN_UNREACHABLE_CODE = YES;
				CLANG_WARN__DUPLICATE_METHOD_MATCH = YES;
				COPY_PHASE_STRIP = NO;
				DEBUG_INFORMATION_FORMAT = "dwarf-with-dsym";
				ENABLE_NS_ASSERTIONS = NO;
				ENABLE_STRICT_OBJC_MSGSEND = YES;
				GCC_C_LANGUAGE_STANDARD = gnu11;
				GCC_NO_COMMON_BLOCKS = YES;
				GCC_WARN_64_TO_32_BIT_CONVERSION = YES;
				GCC_WARN_ABOUT_RETURN_TYPE = YES_ERROR;
				GCC_WARN_UNDECLARED_SELECTOR = YES;
				GCC_WARN_UNINITIALIZED_AUTOS = YES_AGGRESSIVE;
				GCC_WARN_UNUSED_FUNCTION = YES;
				GCC_WARN_UNUSED_VARIABLE = YES;
				IPHONEOS_DEPLOYMENT_TARGET = 14.4;
				MTL_ENABLE_DEBUG_INFO = NO;
				MTL_FAST_MATH = YES;
				SDKROOT = iphoneos;
				SWIFT_COMPILATION_MODE = wholemodule;
				SWIFT_OPTIMIZATION_LEVEL = "-O";
				VALIDATE_PRODUCT = YES;
			};
			name = Release;
		};
		178948D3261B6DCC0070C5AA /* Debug */ = {
			isa = XCBuildConfiguration;
			buildSettings = {
				ASSETCATALOG_COMPILER_APPICON_NAME = AppIcon;
				ASSETCATALOG_COMPILER_GLOBAL_ACCENT_COLOR_NAME = AccentColor;
				CODE_SIGN_STYLE = Automatic;
				DEVELOPMENT_ASSET_PATHS = "\"SwiftUI/Preview Content\"";
				ENABLE_PREVIEWS = YES;
				INFOPLIST_FILE = SwiftUI/Info.plist;
				IPHONEOS_DEPLOYMENT_TARGET = 14.0;
				LD_RUNPATH_SEARCH_PATHS = (
					"$(inherited)",
					"@executable_path/Frameworks",
				);
				PRODUCT_BUNDLE_IDENTIFIER = JoseTorronteras.SwiftUI;
				PRODUCT_NAME = "$(TARGET_NAME)";
				SWIFT_VERSION = 5.0;
				TARGETED_DEVICE_FAMILY = "1,2";
			};
			name = Debug;
		};
		178948D4261B6DCC0070C5AA /* Release */ = {
			isa = XCBuildConfiguration;
			buildSettings = {
				ASSETCATALOG_COMPILER_APPICON_NAME = AppIcon;
				ASSETCATALOG_COMPILER_GLOBAL_ACCENT_COLOR_NAME = AccentColor;
				CODE_SIGN_STYLE = Automatic;
				DEVELOPMENT_ASSET_PATHS = "\"SwiftUI/Preview Content\"";
				ENABLE_PREVIEWS = YES;
				INFOPLIST_FILE = SwiftUI/Info.plist;
				IPHONEOS_DEPLOYMENT_TARGET = 14.0;
				LD_RUNPATH_SEARCH_PATHS = (
					"$(inherited)",
					"@executable_path/Frameworks",
				);
				PRODUCT_BUNDLE_IDENTIFIER = JoseTorronteras.SwiftUI;
				PRODUCT_NAME = "$(TARGET_NAME)";
				SWIFT_VERSION = 5.0;
				TARGETED_DEVICE_FAMILY = "1,2";
			};
			name = Release;
		};
		178948D6261B6DCC0070C5AA /* Debug */ = {
			isa = XCBuildConfiguration;
			buildSettings = {
				ALWAYS_EMBED_SWIFT_STANDARD_LIBRARIES = YES;
				BUNDLE_LOADER = "$(TEST_HOST)";
				CODE_SIGN_STYLE = Automatic;
				INFOPLIST_FILE = SwiftUITests/Info.plist;
				IPHONEOS_DEPLOYMENT_TARGET = 14.0;
				LD_RUNPATH_SEARCH_PATHS = (
					"$(inherited)",
					"@executable_path/Frameworks",
					"@loader_path/Frameworks",
				);
				PRODUCT_BUNDLE_IDENTIFIER = JoseTorronteras.SwiftUITests;
				PRODUCT_NAME = "$(TARGET_NAME)";
				SWIFT_VERSION = 5.0;
				TARGETED_DEVICE_FAMILY = "1,2";
				TEST_HOST = "$(BUILT_PRODUCTS_DIR)/SwiftUI.app/SwiftUI";
			};
			name = Debug;
		};
		178948D7261B6DCC0070C5AA /* Release */ = {
			isa = XCBuildConfiguration;
			buildSettings = {
				ALWAYS_EMBED_SWIFT_STANDARD_LIBRARIES = YES;
				BUNDLE_LOADER = "$(TEST_HOST)";
				CODE_SIGN_STYLE = Automatic;
				INFOPLIST_FILE = SwiftUITests/Info.plist;
				IPHONEOS_DEPLOYMENT_TARGET = 14.0;
				LD_RUNPATH_SEARCH_PATHS = (
					"$(inherited)",
					"@executable_path/Frameworks",
					"@loader_path/Frameworks",
				);
				PRODUCT_BUNDLE_IDENTIFIER = JoseTorronteras.SwiftUITests;
				PRODUCT_NAME = "$(TARGET_NAME)";
				SWIFT_VERSION = 5.0;
				TARGETED_DEVICE_FAMILY = "1,2";
				TEST_HOST = "$(BUILT_PRODUCTS_DIR)/SwiftUI.app/SwiftUI";
			};
			name = Release;
		};
		178948D9261B6DCC0070C5AA /* Debug */ = {
			isa = XCBuildConfiguration;
			buildSettings = {
				ALWAYS_EMBED_SWIFT_STANDARD_LIBRARIES = YES;
				CODE_SIGN_STYLE = Automatic;
				INFOPLIST_FILE = SwiftUIUITests/Info.plist;
				LD_RUNPATH_SEARCH_PATHS = (
					"$(inherited)",
					"@executable_path/Frameworks",
					"@loader_path/Frameworks",
				);
				PRODUCT_BUNDLE_IDENTIFIER = JoseTorronteras.SwiftUIUITests;
				PRODUCT_NAME = "$(TARGET_NAME)";
				SWIFT_VERSION = 5.0;
				TARGETED_DEVICE_FAMILY = "1,2";
				TEST_TARGET_NAME = SwiftUI;
			};
			name = Debug;
		};
		178948DA261B6DCC0070C5AA /* Release */ = {
			isa = XCBuildConfiguration;
			buildSettings = {
				ALWAYS_EMBED_SWIFT_STANDARD_LIBRARIES = YES;
				CODE_SIGN_STYLE = Automatic;
				INFOPLIST_FILE = SwiftUIUITests/Info.plist;
				LD_RUNPATH_SEARCH_PATHS = (
					"$(inherited)",
					"@executable_path/Frameworks",
					"@loader_path/Frameworks",
				);
				PRODUCT_BUNDLE_IDENTIFIER = JoseTorronteras.SwiftUIUITests;
				PRODUCT_NAME = "$(TARGET_NAME)";
				SWIFT_VERSION = 5.0;
				TARGETED_DEVICE_FAMILY = "1,2";
				TEST_TARGET_NAME = SwiftUI;
			};
			name = Release;
		};
/* End XCBuildConfiguration section */

/* Begin XCConfigurationList section */
		178948A8261B6DC90070C5AA /* Build configuration list for PBXProject "SwiftUI" */ = {
			isa = XCConfigurationList;
			buildConfigurations = (
				178948D0261B6DCC0070C5AA /* Debug */,
				178948D1261B6DCC0070C5AA /* Release */,
			);
			defaultConfigurationIsVisible = 0;
			defaultConfigurationName = Release;
		};
		178948D2261B6DCC0070C5AA /* Build configuration list for PBXNativeTarget "SwiftUI" */ = {
			isa = XCConfigurationList;
			buildConfigurations = (
				178948D3261B6DCC0070C5AA /* Debug */,
				178948D4261B6DCC0070C5AA /* Release */,
			);
			defaultConfigurationIsVisible = 0;
			defaultConfigurationName = Release;
		};
		178948D5261B6DCC0070C5AA /* Build configuration list for PBXNativeTarget "SwiftUITests" */ = {
			isa = XCConfigurationList;
			buildConfigurations = (
				178948D6261B6DCC0070C5AA /* Debug */,
				178948D7261B6DCC0070C5AA /* Release */,
			);
			defaultConfigurationIsVisible = 0;
			defaultConfigurationName = Release;
		};
		178948D8261B6DCC0070C5AA /* Build configuration list for PBXNativeTarget "SwiftUIUITests" */ = {
			isa = XCConfigurationList;
			buildConfigurations = (
				178948D9261B6DCC0070C5AA /* Debug */,
				178948DA261B6DCC0070C5AA /* Release */,
			);
			defaultConfigurationIsVisible = 0;
			defaultConfigurationName = Release;
		};
/* End XCConfigurationList section */
	};
	rootObject = 178948A5261B6DC90070C5AA /* Project object */;
}
